
Microsoft Visual Studio Solution File, Format Version 12.00
# Visual Studio Version 17
VisualStudioVersion = 17.11.35327.3
MinimumVisualStudioVersion = 10.0.40219.1
Project("{FAE04EC0-301F-11D3-BF4B-00C04F79EFBC}") = "ReservasCanchaSintetica", "ReservasCanchaSintetica\ReservasCanchaSintetica.csproj", "{2703D967-CE43-4FDB-8B6D-EF45A8D16EA3}"
EndProject
Global
	GlobalSection(SolutionConfigurationPlatforms) = preSolution
		Debug|Any CPU = Debug|Any CPU
		Release|Any CPU = Release|Any CPU
	EndGlobalSection
	GlobalSection(ProjectConfigurationPlatforms) = postSolution
		{2703D967-CE43-4FDB-8B6D-EF45A8D16EA3}.Debug|Any CPU.ActiveCfg = Debug|Any CPU
		{2703D967-CE43-4FDB-8B6D-EF45A8D16EA3}.Debug|Any CPU.Build.0 = Debug|Any CPU
		{2703D967-CE43-4FDB-8B6D-EF45A8D16EA3}.Release|Any CPU.ActiveCfg = Release|Any CPU
		{2703D967-CE43-4FDB-8B6D-EF45A8D16EA3}.Release|Any CPU.Build.0 = Release|Any CPU
	EndGlobalSection
	GlobalSection(SolutionProperties) = preSolution
		HideSolutionNode = FALSE
	EndGlobalSection
	GlobalSection(ExtensibilityGlobals) = postSolution
		SolutionGuid = {960743FD-D0BC-4701-803C-847432B64F7E}
	EndGlobalSection
EndGlobal
